
Microsoft Visual Studio Solution File, Format Version 12.00
# Visual Studio Version 17
VisualStudioVersion = 17.9.34728.123
MinimumVisualStudioVersion = 10.0.40219.1
Project("{FAE04EC0-301F-11D3-BF4B-00C04F79EFBC}") = "TYZTDotNet.ConsoleApp", "TYZTDotNet.ConsoleApp\TYZTDotNet.ConsoleApp.csproj", "{0E4642F7-9EB8-4DDD-97C7-8A195346CC50}"
EndProject
Project("{2150E333-8FDC-42A3-9474-1A3956D46DE8}") = "Documents", "Documents", "{DB94F5EE-C0BA-46A5-9834-1858B095E7F6}"
	ProjectSection(SolutionItems) = preProject
		READ.md = READ.md
	EndProjectSection
EndProject
Global
	GlobalSection(SolutionConfigurationPlatforms) = preSolution
		Debug|Any CPU = Debug|Any CPU
		Release|Any CPU = Release|Any CPU
	EndGlobalSection
	GlobalSection(ProjectConfigurationPlatforms) = postSolution
		{0E4642F7-9EB8-4DDD-97C7-8A195346CC50}.Debug|Any CPU.ActiveCfg = Debug|Any CPU
		{0E4642F7-9EB8-4DDD-97C7-8A195346CC50}.Debug|Any CPU.Build.0 = Debug|Any CPU
		{0E4642F7-9EB8-4DDD-97C7-8A195346CC50}.Release|Any CPU.ActiveCfg = Release|Any CPU
		{0E4642F7-9EB8-4DDD-97C7-8A195346CC50}.Release|Any CPU.Build.0 = Release|Any CPU
	EndGlobalSection
	GlobalSection(SolutionProperties) = preSolution
		HideSolutionNode = FALSE
	EndGlobalSection
	GlobalSection(ExtensibilityGlobals) = postSolution
		SolutionGuid = {95D9468F-75DF-484C-A44F-AEDA0372F1A4}
	EndGlobalSection
EndGlobal
